
Microsoft Visual Studio Solution File, Format Version 12.00
# Visual Studio Version 17
VisualStudioVersion = 17.11.35327.3
MinimumVisualStudioVersion = 10.0.40219.1
Project("{FAE04EC0-301F-11D3-BF4B-00C04F79EFBC}") = "Assignment_7_2_3", "Assignment_7_2_3.csproj", "{5863975A-6322-46C5-A936-86EE9D32C72B}"
EndProject
Global
	GlobalSection(SolutionConfigurationPlatforms) = preSolution
		Debug|Any CPU = Debug|Any CPU
		Release|Any CPU = Release|Any CPU
	EndGlobalSection
	GlobalSection(ProjectConfigurationPlatforms) = postSolution
		{5863975A-6322-46C5-A936-86EE9D32C72B}.Debug|Any CPU.ActiveCfg = Debug|Any CPU
		{5863975A-6322-46C5-A936-86EE9D32C72B}.Debug|Any CPU.Build.0 = Debug|Any CPU
		{5863975A-6322-46C5-A936-86EE9D32C72B}.Release|Any CPU.ActiveCfg = Release|Any CPU
		{5863975A-6322-46C5-A936-86EE9D32C72B}.Release|Any CPU.Build.0 = Release|Any CPU
	EndGlobalSection
	GlobalSection(SolutionProperties) = preSolution
		HideSolutionNode = FALSE
	EndGlobalSection
	GlobalSection(ExtensibilityGlobals) = postSolution
		SolutionGuid = {AEA9B81F-6D23-4984-A5E5-71502D4D6EA1}
	EndGlobalSection
EndGlobal
